PODS:
  - Flutter (1.0.0)
  - integration_test (0.0.1):
    - Flutter
  - s2offerwall (1.0.16)
  - s2offerwall_flutter (0.0.2):
    - Flutter
    - s2offerwall (~> 1.0.16)

DEPENDENCIES:
  - Flutter (from `Flutter`)
  - integration_test (from `.symlinks/plugins/integration_test/ios`)
  - s2offerwall (~> 1.0.16)
  - s2offerwall_flutter (from `.symlinks/plugins/s2offerwall_flutter/ios`)

SPEC REPOS:
  trunk:
    - s2offerwall

EXTERNAL SOURCES:
  Flutter:
    :path: Flutter
  integration_test:
    :path: ".symlinks/plugins/integration_test/ios"
  s2offerwall_flutter:
    :path: ".symlinks/plugins/s2offerwall_flutter/ios"

SPEC CHECKSUMS:
  Flutter: e0871f40cf51350855a761d2e70bf5af5b9b5de7
  integration_test: 4a889634ef21a45d28d50d622cf412dc6d9f586e
  s2offerwall: e352a4d58dbc65647e8534a77d8f0174d27796ce
  s2offerwall_flutter: a7326bf358bc82d8be289fd6d2a24e9274e34ef6

PODFILE CHECKSUM: 0c1990ed2bd5e9e37b372a866cb55819c8b5fa54

COCOAPODS: 1.16.2
