{
  "pins" : [
    {
      "identity" : "ios_offerwall_sdk",
      "kind" : "remoteSourceControl",
      "location" : "https://github.com/snapplay-io/ios_offerwall_sdk.git",
      "state" : {
        "revision" : "2e54527d419d139817b02612f290d33d774b61db",
        "version" : "1.0.34"
      }
    },
    {
      "identity" : "swift-package-manager-google-mobile-ads",
      "kind" : "remoteSourceControl",
      "location" : "https://github.com/googleads/swift-package-manager-google-mobile-ads",
      "state" : {
        "revision" : "54efe6d39a7b41b84c1041f21c704a7e6a493d7a",
        "version" : "13.9.0"
      }
    },
    {
      "identity" : "swift-package-manager-google-user-messaging-platform",
      "kind" : "remoteSourceControl",
      "location" : "https://github.com/googleads/swift-package-manager-google-user-messaging-platform.git",
      "state" : {
        "revision" : "13b248eaa73b7826f0efb1bcf455e251d65ecb1b",
        "version" : "3.1.0"
      }
    }
  ],
  "version" : 2
}
